// !$*UTF8*$!
{
	archiveVersion = 1;
	classes = {
	};
	objectVersion = 77;
	objects = {

/* Begin PBXBuildFile section */
		713955552DF384690087EC97 /* FirebaseAuth in Frameworks */ = {isa = PBXBuildFile; productRef = 713955542DF384690087EC97 /* FirebaseAuth */; };
/* End PBXBuildFile section */

/* Begin PBXContainerItemProxy section */
		71B2A8DB2DF35EBB00F2784F /* PBXContainerItemProxy */ = {
			isa = PBXContainerItemProxy;
			containerPortal = 71B2A8C32DF35EB800F2784F /* Project object */;
			proxyType = 1;
			remoteGlobalIDString = 71B2A8CA2DF35EB800F2784F;
			remoteInfo = "clarity-loop-frontend";
		};
		71B2A8E52DF35EBB00F2784F /* PBXContainerItemProxy */ = {
			isa = PBXContainerItemProxy;
			containerPortal = 71B2A8C32DF35EB800F2784F /* Project object */;
			proxyType = 1;
			remoteGlobalIDString = 71B2A8CA2DF35EB800F2784F;
			remoteInfo = "clarity-loop-frontend";
		};
/* End PBXContainerItemProxy section */

/* Begin PBXFileReference section */
		7139552F2DF383390087EC97 /* clarity-loop-frontend.xcodeproj */ = {isa = PBXFileReference; lastKnownFileType = "wrapper.pb-project"; path = "clarity-loop-frontend.xcodeproj"; sourceTree = "<group>"; };
		71B2A8CB2DF35EB800F2784F /* clarity-loop-frontend.app */ = {isa = PBXFileReference; explicitFileType = wrapper.application; includeInIndex = 0; path = "clarity-loop-frontend.app"; sourceTree = BUILT_PRODUCTS_DIR; };
		71B2A8DA2DF35EBB00F2784F /* clarity-loop-frontendTests.xctest */ = {isa = PBXFileReference; explicitFileType = wrapper.cfbundle; includeInIndex = 0; path = "clarity-loop-frontendTests.xctest"; sourceTree = BUILT_PRODUCTS_DIR; };
		71B2A8E42DF35EBB00F2784F /* clarity-loop-frontendUITests.xctest */ = {isa = PBXFileReference; explicitFileType = wrapper.cfbundle; includeInIndex = 0; path = "clarity-loop-frontendUITests.xctest"; sourceTree = BUILT_PRODUCTS_DIR; };
/* End PBXFileReference section */

/* Begin PBXFileSystemSynchronizedBuildFileExceptionSet section */
		716D97602DF4DFFA0068C70F /* Exceptions for "clarity-loop-frontend" folder in "clarity-loop-frontend" target */ = {
			isa = PBXFileSystemSynchronizedBuildFileExceptionSet;
			membershipExceptions = (
				Info.plist,
			);
			platformFiltersByRelativePath = {
				ContentView.swift = (ios, );
				Core/Architecture/EnvironmentKeys.swift = (ios, );
				Core/Architecture/ViewState.swift = (ios, );
				Core/Networking/APIClient.swift = (ios, );
				Core/Networking/APIError.swift = (ios, );
				Core/Networking/AuthEndpoint.swift = (ios, );
				Core/Networking/BackendHealthDataEndpoint.swift = (ios, );
				Core/Networking/HealthDataEndpoint.swift = (ios, );
				Core/Networking/InsightEndpoint.swift = (ios, );
				Core/Networking/PATEndpoint.swift = (ios, );
				Core/Persistence/PersistenceController.swift = (ios, );
				Core/Services/AppSecurityService.swift = (ios, );
				Core/Services/AuthService.swift = (ios, );
				Core/Services/BackgroundTaskManager.swift = (ios, );
				Core/Services/BiometricAuthService.swift = (ios, );
				Core/Services/HealthKitService.swift = (ios, );
				Core/Services/HealthKitServiceProtocol.swift = (ios, );
				Core/Services/InsightAIService.swift = (ios, );
				Core/Services/OfflineQueueManager.swift = (ios, );
				Core/Services/SessionTimeoutService.swift = (ios, );
				Core/Services/TokenManagementService.swift = (ios, );
				Core/Utilities/AppConfig.swift = (ios, );
				Data/DTOs/AnyCodable.swift = (ios, );
				Data/DTOs/AuthLoginDTOs.swift = (ios, );
				Data/DTOs/AuthMiscDTOs.swift = (ios, );
				Data/DTOs/AuthRegistrationDTOs.swift = (ios, );
				Data/DTOs/BackendHealthDataDTOs.swift = (ios, );
				Data/DTOs/HealthDataDTOs.swift = (ios, );
				Data/DTOs/HealthKitUploadDTOs.swift = (ios, );
				Data/DTOs/InsightsDTOs.swift = (ios, );
				Data/DTOs/PATAnalysisDTOs.swift = (ios, );
				Data/Models/HealthMetricEntity.swift = (ios, );
				Data/Models/InsightEntity.swift = (ios, );
				Data/Models/PATAnalysisEntity.swift = (ios, );
				Data/Models/UserProfile.swift = (ios, );
				Data/Repositories/RemoteHealthDataRepository.swift = (ios, );
				Data/Repositories/RemoteInsightsRepository.swift = (ios, );
				Data/Repositories/RemoteUserRepository.swift = (ios, );
				Domain/Models/AuthUser.swift = (ios, );
				Domain/Models/HealthKitDomainModels.swift = (ios, );
				Domain/Repositories/HealthDataRepositoryProtocol.swift = (ios, );
				Domain/Repositories/InsightsRepositoryProtocol.swift = (ios, );
				Domain/Repositories/UserRepositoryProtocol.swift = (ios, );
				Domain/UseCases/AnalyzePATDataUseCase.swift = (ios, );
				Domain/UseCases/FetchDailyHealthSummaryUseCase.swift = (ios, );
				Domain/UseCases/GenerateInsightUseCase.swift = (ios, );
				Domain/UseCases/SyncHealthDataUseCase.swift = (ios, );
				Features/Analysis/PATAnalysisView.swift = (ios, );
				Features/Analysis/PATAnalysisViewModel.swift = (ios, );
				Features/Authentication/AuthViewModel.swift = (ios, );
				Features/Authentication/LoginView.swift = (ios, );
				Features/Authentication/LoginViewModel.swift = (ios, );
				Features/Authentication/OnboardingView.swift = (ios, );
				Features/Authentication/OnboardingViewModel.swift = (ios, );
				Features/Authentication/RegistrationView.swift = (ios, );
				Features/Authentication/RegistrationViewModel.swift = (ios, );
				Features/Dashboard/DashboardView.swift = (ios, );
				Features/Dashboard/DashboardViewModel.swift = (ios, );
				Features/Insights/ChatView.swift = (ios, );
				Features/Insights/ChatViewModel.swift = (ios, );
				Features/Insights/DebugAPIView.swift = (ios, );
				Features/Insights/InsightsListView.swift = (ios, );
				Features/Insights/InsightsListViewModel.swift = (ios, );
				Features/Insights/TokenDebugView.swift = (ios, );
				Features/Settings/DataManagementView.swift = (ios, );
				Features/Settings/DataManagementViewModel.swift = (ios, );
				Features/Settings/SettingsView.swift = (ios, );
				Features/Settings/SettingsViewModel.swift = (ios, );
				UI/Components/CustomSecureField.swift = (ios, );
				UI/Components/EmptyStateView.swift = (ios, );
				UI/Components/ErrorView.swift = (ios, );
				UI/Components/HealthMetricCardView.swift = (ios, );
				UI/Components/InsightCardView.swift = (ios, );
				UI/Components/MessageBubbleView.swift = (ios, );
				UI/MainTabView.swift = (ios, );
				clarity_loop_frontendApp.swift = (ios, );
			};
			target = 71B2A8CA2DF35EB800F2784F /* clarity-loop-frontend */;
		};
		7171570C2DF3DE8600F8B4D7 /* Exceptions for "clarity-loop-frontendUITests" folder in "clarity-loop-frontendUITests" target */ = {
			isa = PBXFileSystemSynchronizedBuildFileExceptionSet;
			platformFiltersByRelativePath = {
				Features/Authentication/AuthenticationUITests.swift = (ios, );
				UI/Layout/LayoutStabilityUITests.swift = (ios, );
				clarity_loop_frontendUITests.swift = (ios, );
				clarity_loop_frontendUITestsLaunchTests.swift = (ios, );
			};
			target = 71B2A8E32DF35EBB00F2784F /* clarity-loop-frontendUITests */;
		};
		71EC91292DF481EE00226717 /* Exceptions for "clarity-loop-frontendTests" folder in "clarity-loop-frontendTests" target */ = {
			isa = PBXFileSystemSynchronizedBuildFileExceptionSet;
			platformFiltersByRelativePath = {
				Core/Architecture/ViewStateTests.swift = (ios, );
				Core/Networking/APIClientTests.swift = (ios, );
				Core/Networking/JSONEncodingTests.swift = (ios, );
				Core/Services/AppSecurityServiceTests.swift = (ios, );
				Core/Services/AuthServiceTests.swift = (ios, );
				Core/Services/BiometricAuthServiceTests.swift = (ios, );
				Core/Services/HealthKitServiceTests.swift = (ios, );
				Core/Services/InsightAIServiceTests.swift = (ios, );
				Core/Services/SessionTimeoutServiceTests.swift = (ios, );
				Data/DTOs/DTOValidationTests.swift = (ios, );
				Data/Repositories/RemoteHealthDataRepositoryTests.swift = (ios, );
				Data/Repositories/RemoteInsightsRepositoryTests.swift = (ios, );
				Data/Repositories/RemoteUserRepositoryTests.swift = (ios, );
				Domain/UseCases/AnalyzePATDataUseCaseTests.swift = (ios, );
				Domain/UseCases/FetchDailyHealthSummaryUseCaseTests.swift = (ios, );
				Domain/UseCases/GenerateInsightUseCaseTests.swift = (ios, );
				Domain/UseCases/SyncHealthDataUseCaseTests.swift = (ios, );
				Features/Authentication/LoginViewModelTests.swift = (ios, );
				Features/Authentication/RegistrationViewModelTests.swift = (ios, );
				Integration/AuthenticationIntegrationTests.swift = (ios, );
				IntegrationTests.swift = (ios, );
				Mocks/MockAPIClient.swift = (ios, );
				Mocks/MockAuthService.swift = (ios, );
				Performance/MemoryLeakTests.swift = (ios, );
				UI/Authentication/SecureFieldRenderingTests.swift = (ios, );
				UI/Components/ComponentRenderingTests.swift = (ios, );
				UI/Layout/ConstraintValidationTests.swift = (ios, );
			};
			target = 71B2A8D92DF35EBB00F2784F /* clarity-loop-frontendTests */;
		};
/* End PBXFileSystemSynchronizedBuildFileExceptionSet section */

/* Begin PBXFileSystemSynchronizedRootGroup section */
		71B2A8CD2DF35EB800F2784F /* clarity-loop-frontend */ = {
			isa = PBXFileSystemSynchronizedRootGroup;
			exceptions = (
				716D97602DF4DFFA0068C70F /* Exceptions for "clarity-loop-frontend" folder in "clarity-loop-frontend" target */,
			);
			path = "clarity-loop-frontend";
			sourceTree = "<group>";
		};
		71B2A8DD2DF35EBB00F2784F /* clarity-loop-frontendTests */ = {
			isa = PBXFileSystemSynchronizedRootGroup;
			exceptions = (
				71EC91292DF481EE00226717 /* Exceptions for "clarity-loop-frontendTests" folder in "clarity-loop-frontendTests" target */,
			);
			path = "clarity-loop-frontendTests";
			sourceTree = "<group>";
		};
		71B2A8E72DF35EBB00F2784F /* clarity-loop-frontendUITests */ = {
			isa = PBXFileSystemSynchronizedRootGroup;
			exceptions = (
				7171570C2DF3DE8600F8B4D7 /* Exceptions for "clarity-loop-frontendUITests" folder in "clarity-loop-frontendUITests" target */,
			);
			path = "clarity-loop-frontendUITests";
			sourceTree = "<group>";
		};
		71B2A9072DF36F9800F2784F /* docs */ = {
			isa = PBXFileSystemSynchronizedRootGroup;
			path = docs;
			sourceTree = "<group>";
		};
/* End PBXFileSystemSynchronizedRootGroup section */

/* Begin PBXFrameworksBuildPhase section */
		71B2A8C82DF35EB800F2784F /* Frameworks */ = {
			isa = PBXFrameworksBuildPhase;
			buildActionMask = 2147483647;
			files = (
				713955552DF384690087EC97 /* FirebaseAuth in Frameworks */,
			);
			runOnlyForDeploymentPostprocessing = 0;
		};
		71B2A8D72DF35EBB00F2784F /* Frameworks */ = {
			isa = PBXFrameworksBuildPhase;
			buildActionMask = 2147483647;
			files = (
			);
			runOnlyForDeploymentPostprocessing = 0;
		};
		71B2A8E12DF35EBB00F2784F /* Frameworks */ = {
			isa = PBXFrameworksBuildPhase;
			buildActionMask = 2147483647;
			files = (
			);
			runOnlyForDeploymentPostprocessing = 0;
		};
/* End PBXFrameworksBuildPhase section */

/* Begin PBXGroup section */
		713955322DF383390087EC97 /* Products */ = {
			isa = PBXGroup;
			name = Products;
			sourceTree = "<group>";
		};
		713955532DF384690087EC97 /* Frameworks */ = {
			isa = PBXGroup;
			children = (
			);
			name = Frameworks;
			sourceTree = "<group>";
		};
		71B2A8C22DF35EB800F2784F = {
			isa = PBXGroup;
			children = (
				71B2A9072DF36F9800F2784F /* docs */,
				71B2A8CD2DF35EB800F2784F /* clarity-loop-frontend */,
				71B2A8DD2DF35EBB00F2784F /* clarity-loop-frontendTests */,
				71B2A8E72DF35EBB00F2784F /* clarity-loop-frontendUITests */,
				713955532DF384690087EC97 /* Frameworks */,
				71B2A8CC2DF35EB800F2784F /* Products */,
			);
			sourceTree = "<group>";
		};
		71B2A8CC2DF35EB800F2784F /* Products */ = {
			isa = PBXGroup;
			children = (
				71B2A8CB2DF35EB800F2784F /* clarity-loop-frontend.app */,
				71B2A8DA2DF35EBB00F2784F /* clarity-loop-frontendTests.xctest */,
				71B2A8E42DF35EBB00F2784F /* clarity-loop-frontendUITests.xctest */,
			);
			name = Products;
			sourceTree = "<group>";
		};
/* End PBXGroup section */

/* Begin PBXNativeTarget section */
		71B2A8CA2DF35EB800F2784F /* clarity-loop-frontend */ = {
			isa = PBXNativeTarget;
			buildConfigurationList = 71B2A8EE2DF35EBB00F2784F /* Build configuration list for PBXNativeTarget "clarity-loop-frontend" */;
			buildPhases = (
				71B2A8C72DF35EB800F2784F /* Sources */,
				71B2A8C82DF35EB800F2784F /* Frameworks */,
				71B2A8C92DF35EB800F2784F /* Resources */,
			);
			buildRules = (
			);
			dependencies = (
			);
			fileSystemSynchronizedGroups = (
				71B2A8CD2DF35EB800F2784F /* clarity-loop-frontend */,
				71B2A9072DF36F9800F2784F /* docs */,
			);
			name = "clarity-loop-frontend";
			packageProductDependencies = (
				713955542DF384690087EC97 /* FirebaseAuth */,
			);
			productName = "clarity-loop-frontend";
			productReference = 71B2A8CB2DF35EB800F2784F /* clarity-loop-frontend.app */;
			productType = "com.apple.product-type.application";
		};
		71B2A8D92DF35EBB00F2784F /* clarity-loop-frontendTests */ = {
			isa = PBXNativeTarget;
			buildConfigurationList = 71B2A8F12DF35EBB00F2784F /* Build configuration list for PBXNativeTarget "clarity-loop-frontendTests" */;
			buildPhases = (
				71B2A8D62DF35EBB00F2784F /* Sources */,
				71B2A8D72DF35EBB00F2784F /* Frameworks */,
				71B2A8D82DF35EBB00F2784F /* Resources */,
			);
			buildRules = (
			);
			dependencies = (
				71B2A8DC2DF35EBB00F2784F /* PBXTargetDependency */,
			);
			fileSystemSynchronizedGroups = (
				71B2A8DD2DF35EBB00F2784F /* clarity-loop-frontendTests */,
			);
			name = "clarity-loop-frontendTests";
			packageProductDependencies = (
			);
			productName = "clarity-loop-frontendTests";
			productReference = 71B2A8DA2DF35EBB00F2784F /* clarity-loop-frontendTests.xctest */;
			productType = "com.apple.product-type.bundle.unit-test";
		};
		71B2A8E32DF35EBB00F2784F /* clarity-loop-frontendUITests */ = {
			isa = PBXNativeTarget;
			buildConfigurationList = 71B2A8F42DF35EBB00F2784F /* Build configuration list for PBXNativeTarget "clarity-loop-frontendUITests" */;
			buildPhases = (
				71B2A8E02DF35EBB00F2784F /* Sources */,
				71B2A8E12DF35EBB00F2784F /* Frameworks */,
				71B2A8E22DF35EBB00F2784F /* Resources */,
			);
			buildRules = (
			);
			dependencies = (
				71B2A8E62DF35EBB00F2784F /* PBXTargetDependency */,
			);
			fileSystemSynchronizedGroups = (
				71B2A8E72DF35EBB00F2784F /* clarity-loop-frontendUITests */,
			);
			name = "clarity-loop-frontendUITests";
			packageProductDependencies = (
			);
			productName = "clarity-loop-frontendUITests";
			productReference = 71B2A8E42DF35EBB00F2784F /* clarity-loop-frontendUITests.xctest */;
			productType = "com.apple.product-type.bundle.ui-testing";
		};
/* End PBXNativeTarget section */

/* Begin PBXProject section */
		71B2A8C32DF35EB800F2784F /* Project object */ = {
			isa = PBXProject;
			attributes = {
				BuildIndependentTargetsInParallel = 1;
				LastSwiftUpdateCheck = 1630;
				LastUpgradeCheck = 1630;
				TargetAttributes = {
					71B2A8CA2DF35EB800F2784F = {
						CreatedOnToolsVersion = 16.3;
					};
					71B2A8D92DF35EBB00F2784F = {
						CreatedOnToolsVersion = 16.3;
						TestTargetID = 71B2A8CA2DF35EB800F2784F;
					};
					71B2A8E32DF35EBB00F2784F = {
						CreatedOnToolsVersion = 16.3;
						TestTargetID = 71B2A8CA2DF35EB800F2784F;
					};
				};
			};
			buildConfigurationList = 71B2A8C62DF35EB800F2784F /* Build configuration list for PBXProject "clarity-loop-frontend" */;
			developmentRegion = en;
			hasScannedForEncodings = 0;
			knownRegions = (
				en,
				Base,
			);
			mainGroup = 71B2A8C22DF35EB800F2784F;
			minimizedProjectReferenceProxies = 1;
			packageReferences = (
				713955522DF383870087EC97 /* XCRemoteSwiftPackageReference "firebase-ios-sdk" */,
			);
			preferredProjectObjectVersion = 77;
			productRefGroup = 71B2A8CC2DF35EB800F2784F /* Products */;
			projectDirPath = "";
			projectReferences = (
				{
					ProductGroup = 713955322DF383390087EC97 /* Products */;
					ProjectRef = 7139552F2DF383390087EC97 /* clarity-loop-frontend.xcodeproj */;
				},
			);
			projectRoot = "";
			targets = (
				71B2A8CA2DF35EB800F2784F /* clarity-loop-frontend */,
				71B2A8D92DF35EBB00F2784F /* clarity-loop-frontendTests */,
				71B2A8E32DF35EBB00F2784F /* clarity-loop-frontendUITests */,
			);
		};
/* End PBXProject section */

/* Begin PBXResourcesBuildPhase section */
		71B2A8C92DF35EB800F2784F /* Resources */ = {
			isa = PBXResourcesBuildPhase;
			buildActionMask = 2147483647;
			files = (
			);
			runOnlyForDeploymentPostprocessing = 0;
		};
		71B2A8D82DF35EBB00F2784F /* Resources */ = {
			isa = PBXResourcesBuildPhase;
			buildActionMask = 2147483647;
			files = (
			);
			runOnlyForDeploymentPostprocessing = 0;
		};
		71B2A8E22DF35EBB00F2784F /* Resources */ = {
			isa = PBXResourcesBuildPhase;
			buildActionMask = 2147483647;
			files = (
			);
			runOnlyForDeploymentPostprocessing = 0;
		};
/* End PBXResourcesBuildPhase section */

/* Begin PBXSourcesBuildPhase section */
		71B2A8C72DF35EB800F2784F /* Sources */ = {
			isa = PBXSourcesBuildPhase;
			buildActionMask = 2147483647;
			files = (
			);
			runOnlyForDeploymentPostprocessing = 0;
		};
		71B2A8D62DF35EBB00F2784F /* Sources */ = {
			isa = PBXSourcesBuildPhase;
			buildActionMask = 2147483647;
			files = (
			);
			runOnlyForDeploymentPostprocessing = 0;
		};
		71B2A8E02DF35EBB00F2784F /* Sources */ = {
			isa = PBXSourcesBuildPhase;
			buildActionMask = 2147483647;
			files = (
			);
			runOnlyForDeploymentPostprocessing = 0;
		};
/* End PBXSourcesBuildPhase section */

/* Begin PBXTargetDependency section */
		71B2A8DC2DF35EBB00F2784F /* PBXTargetDependency */ = {
			isa = PBXTargetDependency;
			target = 71B2A8CA2DF35EB800F2784F /* clarity-loop-frontend */;
			targetProxy = 71B2A8DB2DF35EBB00F2784F /* PBXContainerItemProxy */;
		};
		71B2A8E62DF35EBB00F2784F /* PBXTargetDependency */ = {
			isa = PBXTargetDependency;
			target = 71B2A8CA2DF35EB800F2784F /* clarity-loop-frontend */;
			targetProxy = 71B2A8E52DF35EBB00F2784F /* PBXContainerItemProxy */;
		};
/* End PBXTargetDependency section */

/* Begin XCBuildConfiguration section */
		71B2A8EC2DF35EBB00F2784F /* Debug */ = {
			isa = XCBuildConfiguration;
			buildSettings = {
				ALWAYS_SEARCH_USER_PATHS = NO;
				ASSETCATALOG_COMPILER_GENERATE_SWIFT_ASSET_SYMBOL_EXTENSIONS = YES;
				CLANG_ANALYZER_NONNULL = YES;
				CLANG_ANALYZER_NUMBER_OBJECT_CONVERSION = YES_AGGRESSIVE;
				CLANG_CXX_LANGUAGE_STANDARD = "gnu++20";
				CLANG_ENABLE_MODULES = YES;
				CLANG_ENABLE_OBJC_ARC = YES;
				CLANG_ENABLE_OBJC_WEAK = YES;
				CLANG_WARN_BLOCK_CAPTURE_AUTORELEASING = YES;
				CLANG_WARN_BOOL_CONVERSION = YES;
				CLANG_WARN_COMMA = YES;
				CLANG_WARN_CONSTANT_CONVERSION = YES;
				CLANG_WARN_DEPRECATED_OBJC_IMPLEMENTATIONS = YES;
				CLANG_WARN_DIRECT_OBJC_ISA_USAGE = YES_ERROR;
				CLANG_WARN_DOCUMENTATION_COMMENTS = YES;
				CLANG_WARN_EMPTY_BODY = YES;
				CLANG_WARN_ENUM_CONVERSION = YES;
				CLANG_WARN_INFINITE_RECURSION = YES;
				CLANG_WARN_INT_CONVERSION = YES;
				CLANG_WARN_NON_LITERAL_NULL_CONVERSION = YES;
				CLANG_WARN_OBJC_IMPLICIT_RETAIN_SELF = YES;
				CLANG_WARN_OBJC_LITERAL_CONVERSION = YES;
				CLANG_WARN_OBJC_ROOT_CLASS = YES_ERROR;
				CLANG_WARN_QUOTED_INCLUDE_IN_FRAMEWORK_HEADER = YES;
				CLANG_WARN_RANGE_LOOP_ANALYSIS = YES;
				CLANG_WARN_STRICT_PROTOTYPES = YES;
				CLANG_WARN_SUSPICIOUS_MOVE = YES;
				CLANG_WARN_UNGUARDED_AVAILABILITY = YES_AGGRESSIVE;
				CLANG_WARN_UNREACHABLE_CODE = YES;
				CLANG_WARN__DUPLICATE_METHOD_MATCH = YES;
				COPY_PHASE_STRIP = NO;
				DEBUG_INFORMATION_FORMAT = dwarf;
				DEVELOPMENT_TEAM = HJ7W9PTAD8;
				ENABLE_STRICT_OBJC_MSGSEND = YES;
				ENABLE_TESTABILITY = YES;
				ENABLE_USER_SCRIPT_SANDBOXING = YES;
				GCC_C_LANGUAGE_STANDARD = gnu17;
				GCC_DYNAMIC_NO_PIC = NO;
				GCC_NO_COMMON_BLOCKS = YES;
				GCC_OPTIMIZATION_LEVEL = 0;
				GCC_PREPROCESSOR_DEFINITIONS = (
					"DEBUG=1",
					"$(inherited)",
				);
				GCC_WARN_64_TO_32_BIT_CONVERSION = YES;
				GCC_WARN_ABOUT_RETURN_TYPE = YES_ERROR;
				GCC_WARN_UNDECLARED_SELECTOR = YES;
				GCC_WARN_UNINITIALIZED_AUTOS = YES_AGGRESSIVE;
				GCC_WARN_UNUSED_FUNCTION = YES;
				GCC_WARN_UNUSED_VARIABLE = YES;
				"INFOPLIST_FILE[sdk=*]" = "clarity-loop-frontend/Info.plist";
				IPHONEOS_DEPLOYMENT_TARGET = 18.4;
				LOCALIZATION_PREFERS_STRING_CATALOGS = YES;
				MTL_ENABLE_DEBUG_INFO = INCLUDE_SOURCE;
				MTL_FAST_MATH = YES;
				ONLY_ACTIVE_ARCH = YES;
				SDKROOT = iphoneos;
				SWIFT_ACTIVE_COMPILATION_CONDITIONS = "DEBUG $(inherited)";
				SWIFT_OPTIMIZATION_LEVEL = "-Onone";
			};
			name = Debug;
		};
		71B2A8ED2DF35EBB00F2784F /* Release */ = {
			isa = XCBuildConfiguration;
			buildSettings = {
				ALWAYS_SEARCH_USER_PATHS = NO;
				ASSETCATALOG_COMPILER_GENERATE_SWIFT_ASSET_SYMBOL_EXTENSIONS = YES;
				CLANG_ANALYZER_NONNULL = YES;
				CLANG_ANALYZER_NUMBER_OBJECT_CONVERSION = YES_AGGRESSIVE;
				CLANG_CXX_LANGUAGE_STANDARD = "gnu++20";
				CLANG_ENABLE_MODULES = YES;
				CLANG_ENABLE_OBJC_ARC = YES;
				CLANG_ENABLE_OBJC_WEAK = YES;
				CLANG_WARN_BLOCK_CAPTURE_AUTORELEASING = YES;
				CLANG_WARN_BOOL_CONVERSION = YES;
				CLANG_WARN_COMMA = YES;
				CLANG_WARN_CONSTANT_CONVERSION = YES;
				CLANG_WARN_DEPRECATED_OBJC_IMPLEMENTATIONS = YES;
				CLANG_WARN_DIRECT_OBJC_ISA_USAGE = YES_ERROR;
				CLANG_WARN_DOCUMENTATION_COMMENTS = YES;
				CLANG_WARN_EMPTY_BODY = YES;
				CLANG_WARN_ENUM_CONVERSION = YES;
				CLANG_WARN_INFINITE_RECURSION = YES;
				CLANG_WARN_INT_CONVERSION = YES;
				CLANG_WARN_NON_LITERAL_NULL_CONVERSION = YES;
				CLANG_WARN_OBJC_IMPLICIT_RETAIN_SELF = YES;
				CLANG_WARN_OBJC_LITERAL_CONVERSION = YES;
				CLANG_WARN_OBJC_ROOT_CLASS = YES_ERROR;
				CLANG_WARN_QUOTED_INCLUDE_IN_FRAMEWORK_HEADER = YES;
				CLANG_WARN_RANGE_LOOP_ANALYSIS = YES;
				CLANG_WARN_STRICT_PROTOTYPES = YES;
				CLANG_WARN_SUSPICIOUS_MOVE = YES;
				CLANG_WARN_UNGUARDED_AVAILABILITY = YES_AGGRESSIVE;
				CLANG_WARN_UNREACHABLE_CODE = YES;
				CLANG_WARN__DUPLICATE_METHOD_MATCH = YES;
				COPY_PHASE_STRIP = NO;
				DEBUG_INFORMATION_FORMAT = "dwarf-with-dsym";
				DEVELOPMENT_TEAM = HJ7W9PTAD8;
				ENABLE_NS_ASSERTIONS = NO;
				ENABLE_STRICT_OBJC_MSGSEND = YES;
				ENABLE_USER_SCRIPT_SANDBOXING = YES;
				GCC_C_LANGUAGE_STANDARD = gnu17;
				GCC_NO_COMMON_BLOCKS = YES;
				GCC_WARN_64_TO_32_BIT_CONVERSION = YES;
				GCC_WARN_ABOUT_RETURN_TYPE = YES_ERROR;
				GCC_WARN_UNDECLARED_SELECTOR = YES;
				GCC_WARN_UNINITIALIZED_AUTOS = YES_AGGRESSIVE;
				GCC_WARN_UNUSED_FUNCTION = YES;
				GCC_WARN_UNUSED_VARIABLE = YES;
				"INFOPLIST_FILE[sdk=*]" = "clarity-loop-frontend/Info.plist";
				IPHONEOS_DEPLOYMENT_TARGET = 18.4;
				LOCALIZATION_PREFERS_STRING_CATALOGS = YES;
				MTL_ENABLE_DEBUG_INFO = NO;
				MTL_FAST_MATH = YES;
				SDKROOT = iphoneos;
				SWIFT_COMPILATION_MODE = wholemodule;
				VALIDATE_PRODUCT = YES;
			};
			name = Release;
		};
		71B2A8EF2DF35EBB00F2784F /* Debug */ = {
			isa = XCBuildConfiguration;
			buildSettings = {
				ASSETCATALOG_COMPILER_APPICON_NAME = AppIcon;
				ASSETCATALOG_COMPILER_GLOBAL_ACCENT_COLOR_NAME = AccentColor;
				CODE_SIGN_ENTITLEMENTS = "clarity-loop-frontend/clarity-loop-frontend.entitlements";
				CODE_SIGN_STYLE = Automatic;
				CURRENT_PROJECT_VERSION = 1;
				DEVELOPMENT_TEAM = HJ7W9PTAD8;
				ENABLE_PREVIEWS = YES;
				GENERATE_INFOPLIST_FILE = YES;
				INFOPLIST_KEY_UIApplicationSceneManifest_Generation = YES;
				INFOPLIST_KEY_UIApplicationSupportsIndirectInputEvents = YES;
				INFOPLIST_KEY_UILaunchScreen_Generation = YES;
				INFOPLIST_KEY_UISupportedInterfaceOrientations_iPad = "UIInterfaceOrientationPortrait UIInterfaceOrientationPortraitUpsideDown UIInterfaceOrientationLandscapeLeft UIInterfaceOrientationLandscapeRight";
				INFOPLIST_KEY_UISupportedInterfaceOrientations_iPhone = "UIInterfaceOrientationPortrait UIInterfaceOrientationLandscapeLeft UIInterfaceOrientationLandscapeRight";
				LD_RUNPATH_SEARCH_PATHS = (
					"$(inherited)",
					"@executable_path/Frameworks",
				);
				MARKETING_VERSION = 1.0;
				PRODUCT_BUNDLE_IDENTIFIER = "com.novamindnyc.clarity-loop-frontend";
				PRODUCT_NAME = "$(TARGET_NAME)";
				SWIFT_EMIT_LOC_STRINGS = YES;
				SWIFT_VERSION = 5.0;
				TARGETED_DEVICE_FAMILY = "1,2";
			};
			name = Debug;
		};
		71B2A8F02DF35EBB00F2784F /* Release */ = {
			isa = XCBuildConfiguration;
			buildSettings = {
				ASSETCATALOG_COMPILER_APPICON_NAME = AppIcon;
				ASSETCATALOG_COMPILER_GLOBAL_ACCENT_COLOR_NAME = AccentColor;
				CODE_SIGN_ENTITLEMENTS = "clarity-loop-frontend/clarity-loop-frontend.entitlements";
				CODE_SIGN_STYLE = Automatic;
				CURRENT_PROJECT_VERSION = 1;
				DEVELOPMENT_TEAM = HJ7W9PTAD8;
				ENABLE_PREVIEWS = YES;
				GENERATE_INFOPLIST_FILE = YES;
				INFOPLIST_KEY_UIApplicationSceneManifest_Generation = YES;
				INFOPLIST_KEY_UIApplicationSupportsIndirectInputEvents = YES;
				INFOPLIST_KEY_UILaunchScreen_Generation = YES;
				INFOPLIST_KEY_UISupportedInterfaceOrientations_iPad = "UIInterfaceOrientationPortrait UIInterfaceOrientationPortraitUpsideDown UIInterfaceOrientationLandscapeLeft UIInterfaceOrientationLandscapeRight";
				INFOPLIST_KEY_UISupportedInterfaceOrientations_iPhone = "UIInterfaceOrientationPortrait UIInterfaceOrientationLandscapeLeft UIInterfaceOrientationLandscapeRight";
				LD_RUNPATH_SEARCH_PATHS = (
					"$(inherited)",
					"@executable_path/Frameworks",
				);
				MARKETING_VERSION = 1.0;
				PRODUCT_BUNDLE_IDENTIFIER = "com.novamindnyc.clarity-loop-frontend";
				PRODUCT_NAME = "$(TARGET_NAME)";
				SWIFT_EMIT_LOC_STRINGS = YES;
				SWIFT_VERSION = 5.0;
				TARGETED_DEVICE_FAMILY = "1,2";
			};
			name = Release;
		};
		71B2A8F22DF35EBB00F2784F /* Debug */ = {
			isa = XCBuildConfiguration;
			buildSettings = {
				BUNDLE_LOADER = "$(TEST_HOST)";
				CODE_SIGN_STYLE = Automatic;
				CURRENT_PROJECT_VERSION = 1;
				DEVELOPMENT_TEAM = HJ7W9PTAD8;
				GENERATE_INFOPLIST_FILE = YES;
				IPHONEOS_DEPLOYMENT_TARGET = 18.4;
				MARKETING_VERSION = 1.0;
				PRODUCT_BUNDLE_IDENTIFIER = "com.novamindnyc.clarity-loop-frontendTests";
				PRODUCT_NAME = "$(TARGET_NAME)";
				SWIFT_EMIT_LOC_STRINGS = NO;
				SWIFT_VERSION = 5.0;
				TARGETED_DEVICE_FAMILY = "1,2";
				TEST_HOST = "$(BUILT_PRODUCTS_DIR)/clarity-loop-frontend.app/$(BUNDLE_EXECUTABLE_FOLDER_PATH)/clarity-loop-frontend";
			};
			name = Debug;
		};
		71B2A8F32DF35EBB00F2784F /* Release */ = {
			isa = XCBuildConfiguration;
			buildSettings = {
				BUNDLE_LOADER = "$(TEST_HOST)";
				CODE_SIGN_STYLE = Automatic;
				CURRENT_PROJECT_VERSION = 1;
				DEVELOPMENT_TEAM = HJ7W9PTAD8;
				GENERATE_INFOPLIST_FILE = YES;
				IPHONEOS_DEPLOYMENT_TARGET = 18.4;
				MARKETING_VERSION = 1.0;
				PRODUCT_BUNDLE_IDENTIFIER = "com.novamindnyc.clarity-loop-frontendTests";
				PRODUCT_NAME = "$(TARGET_NAME)";
				SWIFT_EMIT_LOC_STRINGS = NO;
				SWIFT_VERSION = 5.0;
				TARGETED_DEVICE_FAMILY = "1,2";
				TEST_HOST = "$(BUILT_PRODUCTS_DIR)/clarity-loop-frontend.app/$(BUNDLE_EXECUTABLE_FOLDER_PATH)/clarity-loop-frontend";
			};
			name = Release;
		};
		71B2A8F52DF35EBB00F2784F /* Debug */ = {
			isa = XCBuildConfiguration;
			buildSettings = {
				CODE_SIGN_STYLE = Automatic;
				CURRENT_PROJECT_VERSION = 1;
				DEVELOPMENT_TEAM = HJ7W9PTAD8;
				GENERATE_INFOPLIST_FILE = YES;
				MARKETING_VERSION = 1.0;
				PRODUCT_BUNDLE_IDENTIFIER = "com.novamindnyc.clarity-loop-frontendUITests";
				PRODUCT_NAME = "$(TARGET_NAME)";
				SWIFT_EMIT_LOC_STRINGS = NO;
				SWIFT_VERSION = 5.0;
				TARGETED_DEVICE_FAMILY = "1,2";
				TEST_TARGET_NAME = "clarity-loop-frontend";
			};
			name = Debug;
		};
		71B2A8F62DF35EBB00F2784F /* Release */ = {
			isa = XCBuildConfiguration;
			buildSettings = {
				CODE_SIGN_STYLE = Automatic;
				CURRENT_PROJECT_VERSION = 1;
				DEVELOPMENT_TEAM = HJ7W9PTAD8;
				GENERATE_INFOPLIST_FILE = YES;
				MARKETING_VERSION = 1.0;
				PRODUCT_BUNDLE_IDENTIFIER = "com.novamindnyc.clarity-loop-frontendUITests";
				PRODUCT_NAME = "$(TARGET_NAME)";
				SWIFT_EMIT_LOC_STRINGS = NO;
				SWIFT_VERSION = 5.0;
				TARGETED_DEVICE_FAMILY = "1,2";
				TEST_TARGET_NAME = "clarity-loop-frontend";
			};
			name = Release;
		};
/* End XCBuildConfiguration section */

/* Begin XCConfigurationList section */
		71B2A8C62DF35EB800F2784F /* Build configuration list for PBXProject "clarity-loop-frontend" */ = {
			isa = XCConfigurationList;
			buildConfigurations = (
				71B2A8EC2DF35EBB00F2784F /* Debug */,
				71B2A8ED2DF35EBB00F2784F /* Release */,
			);
			defaultConfigurationIsVisible = 0;
			defaultConfigurationName = Release;
		};
		71B2A8EE2DF35EBB00F2784F /* Build configuration list for PBXNativeTarget "clarity-loop-frontend" */ = {
			isa = XCConfigurationList;
			buildConfigurations = (
				71B2A8EF2DF35EBB00F2784F /* Debug */,
				71B2A8F02DF35EBB00F2784F /* Release */,
			);
			defaultConfigurationIsVisible = 0;
			defaultConfigurationName = Release;
		};
		71B2A8F12DF35EBB00F2784F /* Build configuration list for PBXNativeTarget "clarity-loop-frontendTests" */ = {
			isa = XCConfigurationList;
			buildConfigurations = (
				71B2A8F22DF35EBB00F2784F /* Debug */,
				71B2A8F32DF35EBB00F2784F /* Release */,
			);
			defaultConfigurationIsVisible = 0;
			defaultConfigurationName = Release;
		};
		71B2A8F42DF35EBB00F2784F /* Build configuration list for PBXNativeTarget "clarity-loop-frontendUITests" */ = {
			isa = XCConfigurationList;
			buildConfigurations = (
				71B2A8F52DF35EBB00F2784F /* Debug */,
				71B2A8F62DF35EBB00F2784F /* Release */,
			);
			defaultConfigurationIsVisible = 0;
			defaultConfigurationName = Release;
		};
/* End XCConfigurationList section */

/* Begin XCRemoteSwiftPackageReference section */
		713955522DF383870087EC97 /* XCRemoteSwiftPackageReference "firebase-ios-sdk" */ = {
			isa = XCRemoteSwiftPackageReference;
			repositoryURL = "https://github.com/firebase/firebase-ios-sdk";
			requirement = {
				kind = upToNextMajorVersion;
				minimumVersion = 11.14.0;
			};
		};
/* End XCRemoteSwiftPackageReference section */

/* Begin XCSwiftPackageProductDependency section */
		713955542DF384690087EC97 /* FirebaseAuth */ = {
			isa = XCSwiftPackageProductDependency;
			package = 713955522DF383870087EC97 /* XCRemoteSwiftPackageReference "firebase-ios-sdk" */;
			productName = FirebaseAuth;
		};
/* End XCSwiftPackageProductDependency section */
	};
	rootObject = 71B2A8C32DF35EB800F2784F /* Project object */;
}
